
Microsoft Visual Studio Solution File, Format Version 12.00
# Visual Studio 14
VisualStudioVersion = 14.0.25420.1
MinimumVisualStudioVersion = 10.0.40219.1
Project("{FAE04EC0-301F-11D3-BF4B-00C04F79EFBC}") = "lksStudent.Droid", "lksStudent\lksStudent.Droid\lksStudent.Droid.csproj", "{21940473-3087-4241-9D33-454C3727188B}"
EndProject
Project("{FAE04EC0-301F-11D3-BF4B-00C04F79EFBC}") = "lksStudent.iOS", "lksStudent\lksStudent.iOS\lksStudent.iOS.csproj", "{036BC3F2-096E-4C93-90A3-17FDC01B9A95}"
EndProject
Project("{FAE04EC0-301F-11D3-BF4B-00C04F79EFBC}") = "lksStudent.WinPhone", "lksStudent\lksStudent.WinPhone\lksStudent.WinPhone.csproj", "{EE2664FD-2B8F-44D2-9C1B-50C8139D43B0}"
EndProject
Project("{FAE04EC0-301F-11D3-BF4B-00C04F79EFBC}") = "lksStudent.UWP", "lksStudent\lksStudent.UWP\lksStudent.UWP.csproj", "{4093B669-B6B1-442B-AAAC-D9EC6F1D7EB3}"
EndProject
Project("{FAE04EC0-301F-11D3-BF4B-00C04F79EFBC}") = "lksStudent.Windows", "lksStudent\lksStudent.Windows\lksStudent.Windows.csproj", "{97697523-640B-4D74-BBA9-14CB988C253B}"
EndProject
Project("{FAE04EC0-301F-11D3-BF4B-00C04F79EFBC}") = "lksStudent", "lksStudent\lksStudent\lksStudent.csproj", "{A6ACA6CB-1762-4B06-978C-36FAB4B8D739}"
EndProject
Global
	GlobalSection(SolutionConfigurationPlatforms) = preSolution
		Ad-Hoc|Any CPU = Ad-Hoc|Any CPU
		Ad-Hoc|ARM = Ad-Hoc|ARM
		Ad-Hoc|iPhone = Ad-Hoc|iPhone
		Ad-Hoc|iPhoneSimulator = Ad-Hoc|iPhoneSimulator
		Ad-Hoc|x64 = Ad-Hoc|x64
		Ad-Hoc|x86 = Ad-Hoc|x86
		AppStore|Any CPU = AppStore|Any CPU
		AppStore|ARM = AppStore|ARM
		AppStore|iPhone = AppStore|iPhone
		AppStore|iPhoneSimulator = AppStore|iPhoneSimulator
		AppStore|x64 = AppStore|x64
		AppStore|x86 = AppStore|x86
		Debug|Any CPU = Debug|Any CPU
		Debug|ARM = Debug|ARM
		Debug|iPhone = Debug|iPhone
		Debug|iPhoneSimulator = Debug|iPhoneSimulator
		Debug|x64 = Debug|x64
		Debug|x86 = Debug|x86
		Release|Any CPU = Release|Any CPU
		Release|ARM = Release|ARM
		Release|iPhone = Release|iPhone
		Release|iPhoneSimulator = Release|iPhoneSimulator
		Release|x64 = Release|x64
		Release|x86 = Release|x86
	EndGlobalSection
	GlobalSection(ProjectConfigurationPlatforms) = postSolution
		{21940473-3087-4241-9D33-454C3727188B}.Ad-Hoc|Any CPU.ActiveCfg = Release|Any CPU
		{21940473-3087-4241-9D33-454C3727188B}.Ad-Hoc|Any CPU.Build.0 = Release|Any CPU
		{21940473-3087-4241-9D33-454C3727188B}.Ad-Hoc|Any CPU.Deploy.0 = Release|Any CPU
		{21940473-3087-4241-9D33-454C3727188B}.Ad-Hoc|ARM.ActiveCfg = Release|Any CPU
		{21940473-3087-4241-9D33-454C3727188B}.Ad-Hoc|ARM.Build.0 = Release|Any CPU
		{21940473-3087-4241-9D33-454C3727188B}.Ad-Hoc|ARM.Deploy.0 = Release|Any CPU
		{21940473-3087-4241-9D33-454C3727188B}.Ad-Hoc|iPhone.ActiveCfg = Release|Any CPU
		{21940473-3087-4241-9D33-454C3727188B}.Ad-Hoc|iPhone.Build.0 = Release|Any CPU
		{21940473-3087-4241-9D33-454C3727188B}.Ad-Hoc|iPhone.Deploy.0 = Release|Any CPU
		{21940473-3087-4241-9D33-454C3727188B}.Ad-Hoc|iPhoneSimulator.ActiveCfg = Release|Any CPU
		{21940473-3087-4241-9D33-454C3727188B}.Ad-Hoc|iPhoneSimulator.Build.0 = Release|Any CPU
		{21940473-3087-4241-9D33-454C3727188B}.Ad-Hoc|iPhoneSimulator.Deploy.0 = Release|Any CPU
		{21940473-3087-4241-9D33-454C3727188B}.Ad-Hoc|x64.ActiveCfg = Release|Any CPU
		{21940473-3087-4241-9D33-454C3727188B}.Ad-Hoc|x64.Build.0 = Release|Any CPU
		{21940473-3087-4241-9D33-454C3727188B}.Ad-Hoc|x64.Deploy.0 = Release|Any CPU
		{21940473-3087-4241-9D33-454C3727188B}.Ad-Hoc|x86.ActiveCfg = Release|Any CPU
		{21940473-3087-4241-9D33-454C3727188B}.Ad-Hoc|x86.Build.0 = Release|Any CPU
		{21940473-3087-4241-9D33-454C3727188B}.Ad-Hoc|x86.Deploy.0 = Release|Any CPU
		{21940473-3087-4241-9D33-454C3727188B}.AppStore|Any CPU.ActiveCfg = Release|Any CPU
		{21940473-3087-4241-9D33-454C3727188B}.AppStore|Any CPU.Build.0 = Release|Any CPU
		{21940473-3087-4241-9D33-454C3727188B}.AppStore|Any CPU.Deploy.0 = Release|Any CPU
		{21940473-3087-4241-9D33-454C3727188B}.AppStore|ARM.ActiveCfg = Release|Any CPU
		{21940473-3087-4241-9D33-454C3727188B}.AppStore|ARM.Build.0 = Release|Any CPU
		{21940473-3087-4241-9D33-454C3727188B}.AppStore|ARM.Deploy.0 = Release|Any CPU
		{21940473-3087-4241-9D33-454C3727188B}.AppStore|iPhone.ActiveCfg = Release|Any CPU
		{21940473-3087-4241-9D33-454C3727188B}.AppStore|iPhone.Build.0 = Release|Any CPU
		{21940473-3087-4241-9D33-454C3727188B}.AppStore|iPhone.Deploy.0 = Release|Any CPU
		{21940473-3087-4241-9D33-454C3727188B}.AppStore|iPhoneSimulator.ActiveCfg = Release|Any CPU
		{21940473-3087-4241-9D33-454C3727188B}.AppStore|iPhoneSimulator.Build.0 = Release|Any CPU
		{21940473-3087-4241-9D33-454C3727188B}.AppStore|iPhoneSimulator.Deploy.0 = Release|Any CPU
		{21940473-3087-4241-9D33-454C3727188B}.AppStore|x64.ActiveCfg = Release|Any CPU
		{21940473-3087-4241-9D33-454C3727188B}.AppStore|x64.Build.0 = Release|Any CPU
		{21940473-3087-4241-9D33-454C3727188B}.AppStore|x64.Deploy.0 = Release|Any CPU
		{21940473-3087-4241-9D33-454C3727188B}.AppStore|x86.ActiveCfg = Release|Any CPU
		{21940473-3087-4241-9D33-454C3727188B}.AppStore|x86.Build.0 = Release|Any CPU
		{21940473-3087-4241-9D33-454C3727188B}.AppStore|x86.Deploy.0 = Release|Any CPU
		{21940473-3087-4241-9D33-454C3727188B}.Debug|Any CPU.ActiveCfg = Debug|Any CPU
		{21940473-3087-4241-9D33-454C3727188B}.Debug|Any CPU.Build.0 = Debug|Any CPU
		{21940473-3087-4241-9D33-454C3727188B}.Debug|Any CPU.Deploy.0 = Debug|Any CPU
		{21940473-3087-4241-9D33-454C3727188B}.Debug|ARM.ActiveCfg = Debug|Any CPU
		{21940473-3087-4241-9D33-454C3727188B}.Debug|ARM.Build.0 = Debug|Any CPU
		{21940473-3087-4241-9D33-454C3727188B}.Debug|ARM.Deploy.0 = Debug|Any CPU
		{21940473-3087-4241-9D33-454C3727188B}.Debug|iPhone.ActiveCfg = Debug|Any CPU
		{21940473-3087-4241-9D33-454C3727188B}.Debug|iPhone.Build.0 = Debug|Any CPU
		{21940473-3087-4241-9D33-454C3727188B}.Debug|iPhone.Deploy.0 = Debug|Any CPU
		{21940473-3087-4241-9D33-454C3727188B}.Debug|iPhoneSimulator.ActiveCfg = Debug|Any CPU
		{21940473-3087-4241-9D33-454C3727188B}.Debug|iPhoneSimulator.Build.0 = Debug|Any CPU
		{21940473-3087-4241-9D33-454C3727188B}.Debug|iPhoneSimulator.Deploy.0 = Debug|Any CPU
		{21940473-3087-4241-9D33-454C3727188B}.Debug|x64.ActiveCfg = Debug|Any CPU
		{21940473-3087-4241-9D33-454C3727188B}.Debug|x64.Build.0 = Debug|Any CPU
		{21940473-3087-4241-9D33-454C3727188B}.Debug|x64.Deploy.0 = Debug|Any CPU
		{21940473-3087-4241-9D33-454C3727188B}.Debug|x86.ActiveCfg = Debug|Any CPU
		{21940473-3087-4241-9D33-454C3727188B}.Debug|x86.Build.0 = Debug|Any CPU
		{21940473-3087-4241-9D33-454C3727188B}.Debug|x86.Deploy.0 = Debug|Any CPU
		{21940473-3087-4241-9D33-454C3727188B}.Release|Any CPU.ActiveCfg = Release|Any CPU
		{21940473-3087-4241-9D33-454C3727188B}.Release|Any CPU.Build.0 = Release|Any CPU
		{21940473-3087-4241-9D33-454C3727188B}.Release|Any CPU.Deploy.0 = Release|Any CPU
		{21940473-3087-4241-9D33-454C3727188B}.Release|ARM.ActiveCfg = Release|Any CPU
		{21940473-3087-4241-9D33-454C3727188B}.Release|ARM.Build.0 = Release|Any CPU
		{21940473-3087-4241-9D33-454C3727188B}.Release|ARM.Deploy.0 = Release|Any CPU
		{21940473-3087-4241-9D33-454C3727188B}.Release|iPhone.ActiveCfg = Release|Any CPU
		{21940473-3087-4241-9D33-454C3727188B}.Release|iPhone.Build.0 = Release|Any CPU
		{21940473-3087-4241-9D33-454C3727188B}.Release|iPhone.Deploy.0 = Release|Any CPU
		{21940473-3087-4241-9D33-454C3727188B}.Release|iPhoneSimulator.ActiveCfg = Release|Any CPU
		{21940473-3087-4241-9D33-454C3727188B}.Release|iPhoneSimulator.Build.0 = Release|Any CPU
		{21940473-3087-4241-9D33-454C3727188B}.Release|iPhoneSimulator.Deploy.0 = Release|Any CPU
		{21940473-3087-4241-9D33-454C3727188B}.Release|x64.ActiveCfg = Release|Any CPU
		{21940473-3087-4241-9D33-454C3727188B}.Release|x64.Build.0 = Release|Any CPU
		{21940473-3087-4241-9D33-454C3727188B}.Release|x64.Deploy.0 = Release|Any CPU
		{21940473-3087-4241-9D33-454C3727188B}.Release|x86.ActiveCfg = Release|Any CPU
		{21940473-3087-4241-9D33-454C3727188B}.Release|x86.Build.0 = Release|Any CPU
		{21940473-3087-4241-9D33-454C3727188B}.Release|x86.Deploy.0 = Release|Any CPU
		{036BC3F2-096E-4C93-90A3-17FDC01B9A95}.Ad-Hoc|Any CPU.ActiveCfg = Ad-Hoc|iPhone
		{036BC3F2-096E-4C93-90A3-17FDC01B9A95}.Ad-Hoc|ARM.ActiveCfg = Ad-Hoc|iPhone
		{036BC3F2-096E-4C93-90A3-17FDC01B9A95}.Ad-Hoc|iPhone.ActiveCfg = Ad-Hoc|iPhone
		{036BC3F2-096E-4C93-90A3-17FDC01B9A95}.Ad-Hoc|iPhone.Build.0 = Ad-Hoc|iPhone
		{036BC3F2-096E-4C93-90A3-17FDC01B9A95}.Ad-Hoc|iPhoneSimulator.ActiveCfg = Ad-Hoc|iPhoneSimulator
		{036BC3F2-096E-4C93-90A3-17FDC01B9A95}.Ad-Hoc|iPhoneSimulator.Build.0 = Ad-Hoc|iPhoneSimulator
		{036BC3F2-096E-4C93-90A3-17FDC01B9A95}.Ad-Hoc|x64.ActiveCfg = Ad-Hoc|iPhone
		{036BC3F2-096E-4C93-90A3-17FDC01B9A95}.Ad-Hoc|x86.ActiveCfg = Ad-Hoc|iPhone
		{036BC3F2-096E-4C93-90A3-17FDC01B9A95}.AppStore|Any CPU.ActiveCfg = AppStore|iPhone
		{036BC3F2-096E-4C93-90A3-17FDC01B9A95}.AppStore|ARM.ActiveCfg = AppStore|iPhone
		{036BC3F2-096E-4C93-90A3-17FDC01B9A95}.AppStore|iPhone.ActiveCfg = AppStore|iPhone
		{036BC3F2-096E-4C93-90A3-17FDC01B9A95}.AppStore|iPhone.Build.0 = AppStore|iPhone
		{036BC3F2-096E-4C93-90A3-17FDC01B9A95}.AppStore|iPhoneSimulator.ActiveCfg = AppStore|iPhoneSimulator
		{036BC3F2-096E-4C93-90A3-17FDC01B9A95}.AppStore|iPhoneSimulator.Build.0 = AppStore|iPhoneSimulator
		{036BC3F2-096E-4C93-90A3-17FDC01B9A95}.AppStore|x64.ActiveCfg = AppStore|iPhone
		{036BC3F2-096E-4C93-90A3-17FDC01B9A95}.AppStore|x86.ActiveCfg = AppStore|iPhone
		{036BC3F2-096E-4C93-90A3-17FDC01B9A95}.Debug|Any CPU.ActiveCfg = Debug|iPhone
		{036BC3F2-096E-4C93-90A3-17FDC01B9A95}.Debug|ARM.ActiveCfg = Debug|iPhone
		{036BC3F2-096E-4C93-90A3-17FDC01B9A95}.Debug|iPhone.ActiveCfg = Debug|iPhone
		{036BC3F2-096E-4C93-90A3-17FDC01B9A95}.Debug|iPhone.Build.0 = Debug|iPhone
		{036BC3F2-096E-4C93-90A3-17FDC01B9A95}.Debug|iPhoneSimulator.ActiveCfg = Debug|iPhoneSimulator
		{036BC3F2-096E-4C93-90A3-17FDC01B9A95}.Debug|iPhoneSimulator.Build.0 = Debug|iPhoneSimulator
		{036BC3F2-096E-4C93-90A3-17FDC01B9A95}.Debug|x64.ActiveCfg = Debug|iPhone
		{036BC3F2-096E-4C93-90A3-17FDC01B9A95}.Debug|x86.ActiveCfg = Debug|iPhone
		{036BC3F2-096E-4C93-90A3-17FDC01B9A95}.Release|Any CPU.ActiveCfg = Release|iPhone
		{036BC3F2-096E-4C93-90A3-17FDC01B9A95}.Release|ARM.ActiveCfg = Release|iPhone
		{036BC3F2-096E-4C93-90A3-17FDC01B9A95}.Release|iPhone.ActiveCfg = Release|iPhone
		{036BC3F2-096E-4C93-90A3-17FDC01B9A95}.Release|iPhone.Build.0 = Release|iPhone
		{036BC3F2-096E-4C93-90A3-17FDC01B9A95}.Release|iPhoneSimulator.ActiveCfg = Release|iPhoneSimulator
		{036BC3F2-096E-4C93-90A3-17FDC01B9A95}.Release|iPhoneSimulator.Build.0 = Release|iPhoneSimulator
		{036BC3F2-096E-4C93-90A3-17FDC01B9A95}.Release|x64.ActiveCfg = Release|iPhone
		{036BC3F2-096E-4C93-90A3-17FDC01B9A95}.Release|x86.ActiveCfg = Release|iPhone
		{EE2664FD-2B8F-44D2-9C1B-50C8139D43B0}.Ad-Hoc|Any CPU.ActiveCfg = Release|Any CPU
		{EE2664FD-2B8F-44D2-9C1B-50C8139D43B0}.Ad-Hoc|Any CPU.Build.0 = Release|Any CPU
		{EE2664FD-2B8F-44D2-9C1B-50C8139D43B0}.Ad-Hoc|Any CPU.Deploy.0 = Release|Any CPU
		{EE2664FD-2B8F-44D2-9C1B-50C8139D43B0}.Ad-Hoc|ARM.ActiveCfg = Release|ARM
		{EE2664FD-2B8F-44D2-9C1B-50C8139D43B0}.Ad-Hoc|ARM.Build.0 = Release|ARM
		{EE2664FD-2B8F-44D2-9C1B-50C8139D43B0}.Ad-Hoc|ARM.Deploy.0 = Release|ARM
		{EE2664FD-2B8F-44D2-9C1B-50C8139D43B0}.Ad-Hoc|iPhone.ActiveCfg = Release|Any CPU
		{EE2664FD-2B8F-44D2-9C1B-50C8139D43B0}.Ad-Hoc|iPhone.Build.0 = Release|Any CPU
		{EE2664FD-2B8F-44D2-9C1B-50C8139D43B0}.Ad-Hoc|iPhone.Deploy.0 = Release|Any CPU
		{EE2664FD-2B8F-44D2-9C1B-50C8139D43B0}.Ad-Hoc|iPhoneSimulator.ActiveCfg = Release|Any CPU
		{EE2664FD-2B8F-44D2-9C1B-50C8139D43B0}.Ad-Hoc|iPhoneSimulator.Build.0 = Release|Any CPU
		{EE2664FD-2B8F-44D2-9C1B-50C8139D43B0}.Ad-Hoc|iPhoneSimulator.Deploy.0 = Release|Any CPU
		{EE2664FD-2B8F-44D2-9C1B-50C8139D43B0}.Ad-Hoc|x64.ActiveCfg = Release|Any CPU
		{EE2664FD-2B8F-44D2-9C1B-50C8139D43B0}.Ad-Hoc|x64.Build.0 = Release|Any CPU
		{EE2664FD-2B8F-44D2-9C1B-50C8139D43B0}.Ad-Hoc|x64.Deploy.0 = Release|Any CPU
		{EE2664FD-2B8F-44D2-9C1B-50C8139D43B0}.Ad-Hoc|x86.ActiveCfg = Release|x86
		{EE2664FD-2B8F-44D2-9C1B-50C8139D43B0}.Ad-Hoc|x86.Build.0 = Release|x86
		{EE2664FD-2B8F-44D2-9C1B-50C8139D43B0}.Ad-Hoc|x86.Deploy.0 = Release|x86
		{EE2664FD-2B8F-44D2-9C1B-50C8139D43B0}.AppStore|Any CPU.ActiveCfg = Release|Any CPU
		{EE2664FD-2B8F-44D2-9C1B-50C8139D43B0}.AppStore|Any CPU.Build.0 = Release|Any CPU
		{EE2664FD-2B8F-44D2-9C1B-50C8139D43B0}.AppStore|Any CPU.Deploy.0 = Release|Any CPU
		{EE2664FD-2B8F-44D2-9C1B-50C8139D43B0}.AppStore|ARM.ActiveCfg = Release|ARM
		{EE2664FD-2B8F-44D2-9C1B-50C8139D43B0}.AppStore|ARM.Build.0 = Release|ARM
		{EE2664FD-2B8F-44D2-9C1B-50C8139D43B0}.AppStore|ARM.Deploy.0 = Release|ARM
		{EE2664FD-2B8F-44D2-9C1B-50C8139D43B0}.AppStore|iPhone.ActiveCfg = Release|Any CPU
		{EE2664FD-2B8F-44D2-9C1B-50C8139D43B0}.AppStore|iPhone.Build.0 = Release|Any CPU
		{EE2664FD-2B8F-44D2-9C1B-50C8139D43B0}.AppStore|iPhone.Deploy.0 = Release|Any CPU
		{EE2664FD-2B8F-44D2-9C1B-50C8139D43B0}.AppStore|iPhoneSimulator.ActiveCfg = Release|Any CPU
		{EE2664FD-2B8F-44D2-9C1B-50C8139D43B0}.AppStore|iPhoneSimulator.Build.0 = Release|Any CPU
		{EE2664FD-2B8F-44D2-9C1B-50C8139D43B0}.AppStore|iPhoneSimulator.Deploy.0 = Release|Any CPU
		{EE2664FD-2B8F-44D2-9C1B-50C8139D43B0}.AppStore|x64.ActiveCfg = Release|Any CPU
		{EE2664FD-2B8F-44D2-9C1B-50C8139D43B0}.AppStore|x64.Build.0 = Release|Any CPU
		{EE2664FD-2B8F-44D2-9C1B-50C8139D43B0}.AppStore|x64.Deploy.0 = Release|Any CPU
		{EE2664FD-2B8F-44D2-9C1B-50C8139D43B0}.AppStore|x86.ActiveCfg = Release|x86
		{EE2664FD-2B8F-44D2-9C1B-50C8139D43B0}.AppStore|x86.Build.0 = Release|x86
		{EE2664FD-2B8F-44D2-9C1B-50C8139D43B0}.AppStore|x86.Deploy.0 = Release|x86
		{EE2664FD-2B8F-44D2-9C1B-50C8139D43B0}.Debug|Any CPU.ActiveCfg = Debug|Any CPU
		{EE2664FD-2B8F-44D2-9C1B-50C8139D43B0}.Debug|Any CPU.Build.0 = Debug|Any CPU
		{EE2664FD-2B8F-44D2-9C1B-50C8139D43B0}.Debug|Any CPU.Deploy.0 = Debug|Any CPU
		{EE2664FD-2B8F-44D2-9C1B-50C8139D43B0}.Debug|ARM.ActiveCfg = Debug|ARM
		{EE2664FD-2B8F-44D2-9C1B-50C8139D43B0}.Debug|ARM.Build.0 = Debug|ARM
		{EE2664FD-2B8F-44D2-9C1B-50C8139D43B0}.Debug|ARM.Deploy.0 = Debug|ARM
		{EE2664FD-2B8F-44D2-9C1B-50C8139D43B0}.Debug|iPhone.ActiveCfg = Debug|Any CPU
		{EE2664FD-2B8F-44D2-9C1B-50C8139D43B0}.Debug|iPhone.Build.0 = Debug|Any CPU
		{EE2664FD-2B8F-44D2-9C1B-50C8139D43B0}.Debug|iPhone.Deploy.0 = Debug|Any CPU
		{EE2664FD-2B8F-44D2-9C1B-50C8139D43B0}.Debug|iPhoneSimulator.ActiveCfg = Debug|Any CPU
		{EE2664FD-2B8F-44D2-9C1B-50C8139D43B0}.Debug|iPhoneSimulator.Build.0 = Debug|Any CPU
		{EE2664FD-2B8F-44D2-9C1B-50C8139D43B0}.Debug|iPhoneSimulator.Deploy.0 = Debug|Any CPU
		{EE2664FD-2B8F-44D2-9C1B-50C8139D43B0}.Debug|x64.ActiveCfg = Debug|Any CPU
		{EE2664FD-2B8F-44D2-9C1B-50C8139D43B0}.Debug|x64.Build.0 = Debug|Any CPU
		{EE2664FD-2B8F-44D2-9C1B-50C8139D43B0}.Debug|x64.Deploy.0 = Debug|Any CPU
		{EE2664FD-2B8F-44D2-9C1B-50C8139D43B0}.Debug|x86.ActiveCfg = Debug|x86
		{EE2664FD-2B8F-44D2-9C1B-50C8139D43B0}.Debug|x86.Build.0 = Debug|x86
		{EE2664FD-2B8F-44D2-9C1B-50C8139D43B0}.Debug|x86.Deploy.0 = Debug|x86
		{EE2664FD-2B8F-44D2-9C1B-50C8139D43B0}.Release|Any CPU.ActiveCfg = Release|Any CPU
		{EE2664FD-2B8F-44D2-9C1B-50C8139D43B0}.Release|Any CPU.Build.0 = Release|Any CPU
		{EE2664FD-2B8F-44D2-9C1B-50C8139D43B0}.Release|Any CPU.Deploy.0 = Release|Any CPU
		{EE2664FD-2B8F-44D2-9C1B-50C8139D43B0}.Release|ARM.ActiveCfg = Release|ARM
		{EE2664FD-2B8F-44D2-9C1B-50C8139D43B0}.Release|ARM.Build.0 = Release|ARM
		{EE2664FD-2B8F-44D2-9C1B-50C8139D43B0}.Release|ARM.Deploy.0 = Release|ARM
		{EE2664FD-2B8F-44D2-9C1B-50C8139D43B0}.Release|iPhone.ActiveCfg = Release|Any CPU
		{EE2664FD-2B8F-44D2-9C1B-50C8139D43B0}.Release|iPhone.Build.0 = Release|Any CPU
		{EE2664FD-2B8F-44D2-9C1B-50C8139D43B0}.Release|iPhone.Deploy.0 = Release|Any CPU
		{EE2664FD-2B8F-44D2-9C1B-50C8139D43B0}.Release|iPhoneSimulator.ActiveCfg = Release|Any CPU
		{EE2664FD-2B8F-44D2-9C1B-50C8139D43B0}.Release|iPhoneSimulator.Build.0 = Release|Any CPU
		{EE2664FD-2B8F-44D2-9C1B-50C8139D43B0}.Release|iPhoneSimulator.Deploy.0 = Release|Any CPU
		{EE2664FD-2B8F-44D2-9C1B-50C8139D43B0}.Release|x64.ActiveCfg = Release|Any CPU
		{EE2664FD-2B8F-44D2-9C1B-50C8139D43B0}.Release|x64.Build.0 = Release|Any CPU
		{EE2664FD-2B8F-44D2-9C1B-50C8139D43B0}.Release|x64.Deploy.0 = Release|Any CPU
		{EE2664FD-2B8F-44D2-9C1B-50C8139D43B0}.Release|x86.ActiveCfg = Release|x86
		{EE2664FD-2B8F-44D2-9C1B-50C8139D43B0}.Release|x86.Build.0 = Release|x86
		{EE2664FD-2B8F-44D2-9C1B-50C8139D43B0}.Release|x86.Deploy.0 = Release|x86
		{4093B669-B6B1-442B-AAAC-D9EC6F1D7EB3}.Ad-Hoc|Any CPU.ActiveCfg = Release|x86
		{4093B669-B6B1-442B-AAAC-D9EC6F1D7EB3}.Ad-Hoc|Any CPU.Build.0 = Release|x86
		{4093B669-B6B1-442B-AAAC-D9EC6F1D7EB3}.Ad-Hoc|Any CPU.Deploy.0 = Release|x86
		{4093B669-B6B1-442B-AAAC-D9EC6F1D7EB3}.Ad-Hoc|ARM.ActiveCfg = Release|ARM
		{4093B669-B6B1-442B-AAAC-D9EC6F1D7EB3}.Ad-Hoc|ARM.Build.0 = Release|ARM
		{4093B669-B6B1-442B-AAAC-D9EC6F1D7EB3}.Ad-Hoc|ARM.Deploy.0 = Release|ARM
		{4093B669-B6B1-442B-AAAC-D9EC6F1D7EB3}.Ad-Hoc|iPhone.ActiveCfg = Release|x86
		{4093B669-B6B1-442B-AAAC-D9EC6F1D7EB3}.Ad-Hoc|iPhone.Build.0 = Release|x86
		{4093B669-B6B1-442B-AAAC-D9EC6F1D7EB3}.Ad-Hoc|iPhone.Deploy.0 = Release|x86
		{4093B669-B6B1-442B-AAAC-D9EC6F1D7EB3}.Ad-Hoc|iPhoneSimulator.ActiveCfg = Release|x86
		{4093B669-B6B1-442B-AAAC-D9EC6F1D7EB3}.Ad-Hoc|iPhoneSimulator.Build.0 = Release|x86
		{4093B669-B6B1-442B-AAAC-D9EC6F1D7EB3}.Ad-Hoc|iPhoneSimulator.Deploy.0 = Release|x86
		{4093B669-B6B1-442B-AAAC-D9EC6F1D7EB3}.Ad-Hoc|x64.ActiveCfg = Release|x64
		{4093B669-B6B1-442B-AAAC-D9EC6F1D7EB3}.Ad-Hoc|x64.Build.0 = Release|x64
		{4093B669-B6B1-442B-AAAC-D9EC6F1D7EB3}.Ad-Hoc|x64.Deploy.0 = Release|x64
		{4093B669-B6B1-442B-AAAC-D9EC6F1D7EB3}.Ad-Hoc|x86.ActiveCfg = Release|x86
		{4093B669-B6B1-442B-AAAC-D9EC6F1D7EB3}.Ad-Hoc|x86.Build.0 = Release|x86
		{4093B669-B6B1-442B-AAAC-D9EC6F1D7EB3}.Ad-Hoc|x86.Deploy.0 = Release|x86
		{4093B669-B6B1-442B-AAAC-D9EC6F1D7EB3}.AppStore|Any CPU.ActiveCfg = Release|x86
		{4093B669-B6B1-442B-AAAC-D9EC6F1D7EB3}.AppStore|Any CPU.Build.0 = Release|x86
		{4093B669-B6B1-442B-AAAC-D9EC6F1D7EB3}.AppStore|Any CPU.Deploy.0 = Release|x86
		{4093B669-B6B1-442B-AAAC-D9EC6F1D7EB3}.AppStore|ARM.ActiveCfg = Release|ARM
		{4093B669-B6B1-442B-AAAC-D9EC6F1D7EB3}.AppStore|ARM.Build.0 = Release|ARM
		{4093B669-B6B1-442B-AAAC-D9EC6F1D7EB3}.AppStore|ARM.Deploy.0 = Release|ARM
		{4093B669-B6B1-442B-AAAC-D9EC6F1D7EB3}.AppStore|iPhone.ActiveCfg = Release|x86
		{4093B669-B6B1-442B-AAAC-D9EC6F1D7EB3}.AppStore|iPhone.Build.0 = Release|x86
		{4093B669-B6B1-442B-AAAC-D9EC6F1D7EB3}.AppStore|iPhone.Deploy.0 = Release|x86
		{4093B669-B6B1-442B-AAAC-D9EC6F1D7EB3}.AppStore|iPhoneSimulator.ActiveCfg = Release|x86
		{4093B669-B6B1-442B-AAAC-D9EC6F1D7EB3}.AppStore|iPhoneSimulator.Build.0 = Release|x86
		{4093B669-B6B1-442B-AAAC-D9EC6F1D7EB3}.AppStore|iPhoneSimulator.Deploy.0 = Release|x86
		{4093B669-B6B1-442B-AAAC-D9EC6F1D7EB3}.AppStore|x64.ActiveCfg = Release|x64
		{4093B669-B6B1-442B-AAAC-D9EC6F1D7EB3}.AppStore|x64.Build.0 = Release|x64
		{4093B669-B6B1-442B-AAAC-D9EC6F1D7EB3}.AppStore|x64.Deploy.0 = Release|x64
		{4093B669-B6B1-442B-AAAC-D9EC6F1D7EB3}.AppStore|x86.ActiveCfg = Release|x86
		{4093B669-B6B1-442B-AAAC-D9EC6F1D7EB3}.AppStore|x86.Build.0 = Release|x86
		{4093B669-B6B1-442B-AAAC-D9EC6F1D7EB3}.AppStore|x86.Deploy.0 = Release|x86
		{4093B669-B6B1-442B-AAAC-D9EC6F1D7EB3}.Debug|Any CPU.ActiveCfg = Debug|x86
		{4093B669-B6B1-442B-AAAC-D9EC6F1D7EB3}.Debug|ARM.ActiveCfg = Debug|ARM
		{4093B669-B6B1-442B-AAAC-D9EC6F1D7EB3}.Debug|ARM.Build.0 = Debug|ARM
		{4093B669-B6B1-442B-AAAC-D9EC6F1D7EB3}.Debug|ARM.Deploy.0 = Debug|ARM
		{4093B669-B6B1-442B-AAAC-D9EC6F1D7EB3}.Debug|iPhone.ActiveCfg = Debug|x86
		{4093B669-B6B1-442B-AAAC-D9EC6F1D7EB3}.Debug|iPhoneSimulator.ActiveCfg = Debug|x86
		{4093B669-B6B1-442B-AAAC-D9EC6F1D7EB3}.Debug|x64.ActiveCfg = Debug|x64
		{4093B669-B6B1-442B-AAAC-D9EC6F1D7EB3}.Debug|x64.Build.0 = Debug|x64
		{4093B669-B6B1-442B-AAAC-D9EC6F1D7EB3}.Debug|x64.Deploy.0 = Debug|x64
		{4093B669-B6B1-442B-AAAC-D9EC6F1D7EB3}.Debug|x86.ActiveCfg = Debug|x86
		{4093B669-B6B1-442B-AAAC-D9EC6F1D7EB3}.Debug|x86.Build.0 = Debug|x86
		{4093B669-B6B1-442B-AAAC-D9EC6F1D7EB3}.Debug|x86.Deploy.0 = Debug|x86
		{4093B669-B6B1-442B-AAAC-D9EC6F1D7EB3}.Release|Any CPU.ActiveCfg = Release|x86
		{4093B669-B6B1-442B-AAAC-D9EC6F1D7EB3}.Release|ARM.ActiveCfg = Release|ARM
		{4093B669-B6B1-442B-AAAC-D9EC6F1D7EB3}.Release|ARM.Build.0 = Release|ARM
		{4093B669-B6B1-442B-AAAC-D9EC6F1D7EB3}.Release|ARM.Deploy.0 = Release|ARM
		{4093B669-B6B1-442B-AAAC-D9EC6F1D7EB3}.Release|iPhone.ActiveCfg = Release|x86
		{4093B669-B6B1-442B-AAAC-D9EC6F1D7EB3}.Release|iPhoneSimulator.ActiveCfg = Release|x86
		{4093B669-B6B1-442B-AAAC-D9EC6F1D7EB3}.Release|x64.ActiveCfg = Release|x64
		{4093B669-B6B1-442B-AAAC-D9EC6F1D7EB3}.Release|x64.Build.0 = Release|x64
		{4093B669-B6B1-442B-AAAC-D9EC6F1D7EB3}.Release|x64.Deploy.0 = Release|x64
		{4093B669-B6B1-442B-AAAC-D9EC6F1D7EB3}.Release|x86.ActiveCfg = Release|x86
		{4093B669-B6B1-442B-AAAC-D9EC6F1D7EB3}.Release|x86.Build.0 = Release|x86
		{4093B669-B6B1-442B-AAAC-D9EC6F1D7EB3}.Release|x86.Deploy.0 = Release|x86
		{97697523-640B-4D74-BBA9-14CB988C253B}.Ad-Hoc|Any CPU.ActiveCfg = Release|Any CPU
		{97697523-640B-4D74-BBA9-14CB988C253B}.Ad-Hoc|Any CPU.Build.0 = Release|Any CPU
		{97697523-640B-4D74-BBA9-14CB988C253B}.Ad-Hoc|Any CPU.Deploy.0 = Release|Any CPU
		{97697523-640B-4D74-BBA9-14CB988C253B}.Ad-Hoc|ARM.ActiveCfg = Release|ARM
		{97697523-640B-4D74-BBA9-14CB988C253B}.Ad-Hoc|ARM.Build.0 = Release|ARM
		{97697523-640B-4D74-BBA9-14CB988C253B}.Ad-Hoc|ARM.Deploy.0 = Release|ARM
		{97697523-640B-4D74-BBA9-14CB988C253B}.Ad-Hoc|iPhone.ActiveCfg = Release|Any CPU
		{97697523-640B-4D74-BBA9-14CB988C253B}.Ad-Hoc|iPhone.Build.0 = Release|Any CPU
		{97697523-640B-4D74-BBA9-14CB988C253B}.Ad-Hoc|iPhone.Deploy.0 = Release|Any CPU
		{97697523-640B-4D74-BBA9-14CB988C253B}.Ad-Hoc|iPhoneSimulator.ActiveCfg = Release|Any CPU
		{97697523-640B-4D74-BBA9-14CB988C253B}.Ad-Hoc|iPhoneSimulator.Build.0 = Release|Any CPU
		{97697523-640B-4D74-BBA9-14CB988C253B}.Ad-Hoc|iPhoneSimulator.Deploy.0 = Release|Any CPU
		{97697523-640B-4D74-BBA9-14CB988C253B}.Ad-Hoc|x64.ActiveCfg = Release|x64
		{97697523-640B-4D74-BBA9-14CB988C253B}.Ad-Hoc|x64.Build.0 = Release|x64
		{97697523-640B-4D74-BBA9-14CB988C253B}.Ad-Hoc|x64.Deploy.0 = Release|x64
		{97697523-640B-4D74-BBA9-14CB988C253B}.Ad-Hoc|x86.ActiveCfg = Release|x86
		{97697523-640B-4D74-BBA9-14CB988C253B}.Ad-Hoc|x86.Build.0 = Release|x86
		{97697523-640B-4D74-BBA9-14CB988C253B}.Ad-Hoc|x86.Deploy.0 = Release|x86
		{97697523-640B-4D74-BBA9-14CB988C253B}.AppStore|Any CPU.ActiveCfg = Release|Any CPU
		{97697523-640B-4D74-BBA9-14CB988C253B}.AppStore|Any CPU.Build.0 = Release|Any CPU
		{97697523-640B-4D74-BBA9-14CB988C253B}.AppStore|Any CPU.Deploy.0 = Release|Any CPU
		{97697523-640B-4D74-BBA9-14CB988C253B}.AppStore|ARM.ActiveCfg = Release|ARM
		{97697523-640B-4D74-BBA9-14CB988C253B}.AppStore|ARM.Build.0 = Release|ARM
		{97697523-640B-4D74-BBA9-14CB988C253B}.AppStore|ARM.Deploy.0 = Release|ARM
		{97697523-640B-4D74-BBA9-14CB988C253B}.AppStore|iPhone.ActiveCfg = Release|Any CPU
		{97697523-640B-4D74-BBA9-14CB988C253B}.AppStore|iPhone.Build.0 = Release|Any CPU
		{97697523-640B-4D74-BBA9-14CB988C253B}.AppStore|iPhone.Deploy.0 = Release|Any CPU
		{97697523-640B-4D74-BBA9-14CB988C253B}.AppStore|iPhoneSimulator.ActiveCfg = Release|Any CPU
		{97697523-640B-4D74-BBA9-14CB988C253B}.AppStore|iPhoneSimulator.Build.0 = Release|Any CPU
		{97697523-640B-4D74-BBA9-14CB988C253B}.AppStore|iPhoneSimulator.Deploy.0 = Release|Any CPU
		{97697523-640B-4D74-BBA9-14CB988C253B}.AppStore|x64.ActiveCfg = Release|x64
		{97697523-640B-4D74-BBA9-14CB988C253B}.AppStore|x64.Build.0 = Release|x64
		{97697523-640B-4D74-BBA9-14CB988C253B}.AppStore|x64.Deploy.0 = Release|x64
		{97697523-640B-4D74-BBA9-14CB988C253B}.AppStore|x86.ActiveCfg = Release|x86
		{97697523-640B-4D74-BBA9-14CB988C253B}.AppStore|x86.Build.0 = Release|x86
		{97697523-640B-4D74-BBA9-14CB988C253B}.AppStore|x86.Deploy.0 = Release|x86
		{97697523-640B-4D74-BBA9-14CB988C253B}.Debug|Any CPU.ActiveCfg = Debug|Any CPU
		{97697523-640B-4D74-BBA9-14CB988C253B}.Debug|Any CPU.Build.0 = Debug|Any CPU
		{97697523-640B-4D74-BBA9-14CB988C253B}.Debug|Any CPU.Deploy.0 = Debug|Any CPU
		{97697523-640B-4D74-BBA9-14CB988C253B}.Debug|ARM.ActiveCfg = Debug|ARM
		{97697523-640B-4D74-BBA9-14CB988C253B}.Debug|ARM.Build.0 = Debug|ARM
		{97697523-640B-4D74-BBA9-14CB988C253B}.Debug|ARM.Deploy.0 = Debug|ARM
		{97697523-640B-4D74-BBA9-14CB988C253B}.Debug|iPhone.ActiveCfg = Debug|Any CPU
		{97697523-640B-4D74-BBA9-14CB988C253B}.Debug|iPhone.Build.0 = Debug|Any CPU
		{97697523-640B-4D74-BBA9-14CB988C253B}.Debug|iPhone.Deploy.0 = Debug|Any CPU
		{97697523-640B-4D74-BBA9-14CB988C253B}.Debug|iPhoneSimulator.ActiveCfg = Debug|Any CPU
		{97697523-640B-4D74-BBA9-14CB988C253B}.Debug|iPhoneSimulator.Build.0 = Debug|Any CPU
		{97697523-640B-4D74-BBA9-14CB988C253B}.Debug|iPhoneSimulator.Deploy.0 = Debug|Any CPU
		{97697523-640B-4D74-BBA9-14CB988C253B}.Debug|x64.ActiveCfg = Debug|x64
		{97697523-640B-4D74-BBA9-14CB988C253B}.Debug|x64.Build.0 = Debug|x64
		{97697523-640B-4D74-BBA9-14CB988C253B}.Debug|x64.Deploy.0 = Debug|x64
		{97697523-640B-4D74-BBA9-14CB988C253B}.Debug|x86.ActiveCfg = Debug|x86
		{97697523-640B-4D74-BBA9-14CB988C253B}.Debug|x86.Build.0 = Debug|x86
		{97697523-640B-4D74-BBA9-14CB988C253B}.Debug|x86.Deploy.0 = Debug|x86
		{97697523-640B-4D74-BBA9-14CB988C253B}.Release|Any CPU.ActiveCfg = Release|Any CPU
		{97697523-640B-4D74-BBA9-14CB988C253B}.Release|Any CPU.Build.0 = Release|Any CPU
		{97697523-640B-4D74-BBA9-14CB988C253B}.Release|Any CPU.Deploy.0 = Release|Any CPU
		{97697523-640B-4D74-BBA9-14CB988C253B}.Release|ARM.ActiveCfg = Release|ARM
		{97697523-640B-4D74-BBA9-14CB988C253B}.Release|ARM.Build.0 = Release|ARM
		{97697523-640B-4D74-BBA9-14CB988C253B}.Release|ARM.Deploy.0 = Release|ARM
		{97697523-640B-4D74-BBA9-14CB988C253B}.Release|iPhone.ActiveCfg = Release|Any CPU
		{97697523-640B-4D74-BBA9-14CB988C253B}.Release|iPhone.Build.0 = Release|Any CPU
		{97697523-640B-4D74-BBA9-14CB988C253B}.Release|iPhone.Deploy.0 = Release|Any CPU
		{97697523-640B-4D74-BBA9-14CB988C253B}.Release|iPhoneSimulator.ActiveCfg = Release|Any CPU
		{97697523-640B-4D74-BBA9-14CB988C253B}.Release|iPhoneSimulator.Build.0 = Release|Any CPU
		{97697523-640B-4D74-BBA9-14CB988C253B}.Release|iPhoneSimulator.Deploy.0 = Release|Any CPU
		{97697523-640B-4D74-BBA9-14CB988C253B}.Release|x64.ActiveCfg = Release|x64
		{97697523-640B-4D74-BBA9-14CB988C253B}.Release|x64.Build.0 = Release|x64
		{97697523-640B-4D74-BBA9-14CB988C253B}.Release|x64.Deploy.0 = Release|x64
		{97697523-640B-4D74-BBA9-14CB988C253B}.Release|x86.ActiveCfg = Release|x86
		{97697523-640B-4D74-BBA9-14CB988C253B}.Release|x86.Build.0 = Release|x86
		{97697523-640B-4D74-BBA9-14CB988C253B}.Release|x86.Deploy.0 = Release|x86
		{A6ACA6CB-1762-4B06-978C-36FAB4B8D739}.Ad-Hoc|Any CPU.ActiveCfg = Release|Any CPU
		{A6ACA6CB-1762-4B06-978C-36FAB4B8D739}.Ad-Hoc|Any CPU.Build.0 = Release|Any CPU
		{A6ACA6CB-1762-4B06-978C-36FAB4B8D739}.Ad-Hoc|ARM.ActiveCfg = Release|Any CPU
		{A6ACA6CB-1762-4B06-978C-36FAB4B8D739}.Ad-Hoc|ARM.Build.0 = Release|Any CPU
		{A6ACA6CB-1762-4B06-978C-36FAB4B8D739}.Ad-Hoc|iPhone.ActiveCfg = Release|Any CPU
		{A6ACA6CB-1762-4B06-978C-36FAB4B8D739}.Ad-Hoc|iPhone.Build.0 = Release|Any CPU
		{A6ACA6CB-1762-4B06-978C-36FAB4B8D739}.Ad-Hoc|iPhoneSimulator.ActiveCfg = Release|Any CPU
		{A6ACA6CB-1762-4B06-978C-36FAB4B8D739}.Ad-Hoc|iPhoneSimulator.Build.0 = Release|Any CPU
		{A6ACA6CB-1762-4B06-978C-36FAB4B8D739}.Ad-Hoc|x64.ActiveCfg = Release|Any CPU
		{A6ACA6CB-1762-4B06-978C-36FAB4B8D739}.Ad-Hoc|x64.Build.0 = Release|Any CPU
		{A6ACA6CB-1762-4B06-978C-36FAB4B8D739}.Ad-Hoc|x86.ActiveCfg = Release|Any CPU
		{A6ACA6CB-1762-4B06-978C-36FAB4B8D739}.Ad-Hoc|x86.Build.0 = Release|Any CPU
		{A6ACA6CB-1762-4B06-978C-36FAB4B8D739}.AppStore|Any CPU.ActiveCfg = Release|Any CPU
		{A6ACA6CB-1762-4B06-978C-36FAB4B8D739}.AppStore|Any CPU.Build.0 = Release|Any CPU
		{A6ACA6CB-1762-4B06-978C-36FAB4B8D739}.AppStore|ARM.ActiveCfg = Release|Any CPU
		{A6ACA6CB-1762-4B06-978C-36FAB4B8D739}.AppStore|ARM.Build.0 = Release|Any CPU
		{A6ACA6CB-1762-4B06-978C-36FAB4B8D739}.AppStore|iPhone.ActiveCfg = Release|Any CPU
		{A6ACA6CB-1762-4B06-978C-36FAB4B8D739}.AppStore|iPhone.Build.0 = Release|Any CPU
		{A6ACA6CB-1762-4B06-978C-36FAB4B8D739}.AppStore|iPhoneSimulator.ActiveCfg = Release|Any CPU
		{A6ACA6CB-1762-4B06-978C-36FAB4B8D739}.AppStore|iPhoneSimulator.Build.0 = Release|Any CPU
		{A6ACA6CB-1762-4B06-978C-36FAB4B8D739}.AppStore|x64.ActiveCfg = Release|Any CPU
		{A6ACA6CB-1762-4B06-978C-36FAB4B8D739}.AppStore|x64.Build.0 = Release|Any CPU
		{A6ACA6CB-1762-4B06-978C-36FAB4B8D739}.AppStore|x86.ActiveCfg = Release|Any CPU
		{A6ACA6CB-1762-4B06-978C-36FAB4B8D739}.AppStore|x86.Build.0 = Release|Any CPU
		{A6ACA6CB-1762-4B06-978C-36FAB4B8D739}.Debug|Any CPU.ActiveCfg = Debug|Any CPU
		{A6ACA6CB-1762-4B06-978C-36FAB4B8D739}.Debug|Any CPU.Build.0 = Debug|Any CPU
		{A6ACA6CB-1762-4B06-978C-36FAB4B8D739}.Debug|ARM.ActiveCfg = Debug|Any CPU
		{A6ACA6CB-1762-4B06-978C-36FAB4B8D739}.Debug|ARM.Build.0 = Debug|Any CPU
		{A6ACA6CB-1762-4B06-978C-36FAB4B8D739}.Debug|iPhone.ActiveCfg = Debug|Any CPU
		{A6ACA6CB-1762-4B06-978C-36FAB4B8D739}.Debug|iPhone.Build.0 = Debug|Any CPU
		{A6ACA6CB-1762-4B06-978C-36FAB4B8D739}.Debug|iPhoneSimulator.ActiveCfg = Debug|Any CPU
		{A6ACA6CB-1762-4B06-978C-36FAB4B8D739}.Debug|iPhoneSimulator.Build.0 = Debug|Any CPU
		{A6ACA6CB-1762-4B06-978C-36FAB4B8D739}.Debug|x64.ActiveCfg = Debug|Any CPU
		{A6ACA6CB-1762-4B06-978C-36FAB4B8D739}.Debug|x64.Build.0 = Debug|Any CPU
		{A6ACA6CB-1762-4B06-978C-36FAB4B8D739}.Debug|x86.ActiveCfg = Debug|Any CPU
		{A6ACA6CB-1762-4B06-978C-36FAB4B8D739}.Debug|x86.Build.0 = Debug|Any CPU
		{A6ACA6CB-1762-4B06-978C-36FAB4B8D739}.Release|Any CPU.ActiveCfg = Release|Any CPU
		{A6ACA6CB-1762-4B06-978C-36FAB4B8D739}.Release|Any CPU.Build.0 = Release|Any CPU
		{A6ACA6CB-1762-4B06-978C-36FAB4B8D739}.Release|ARM.ActiveCfg = Release|Any CPU
		{A6ACA6CB-1762-4B06-978C-36FAB4B8D739}.Release|ARM.Build.0 = Release|Any CPU
		{A6ACA6CB-1762-4B06-978C-36FAB4B8D739}.Release|iPhone.ActiveCfg = Release|Any CPU
		{A6ACA6CB-1762-4B06-978C-36FAB4B8D739}.Release|iPhone.Build.0 = Release|Any CPU
		{A6ACA6CB-1762-4B06-978C-36FAB4B8D739}.Release|iPhoneSimulator.ActiveCfg = Release|Any CPU
		{A6ACA6CB-1762-4B06-978C-36FAB4B8D739}.Release|iPhoneSimulator.Build.0 = Release|Any CPU
		{A6ACA6CB-1762-4B06-978C-36FAB4B8D739}.Release|x64.ActiveCfg = Release|Any CPU
		{A6ACA6CB-1762-4B06-978C-36FAB4B8D739}.Release|x64.Build.0 = Release|Any CPU
		{A6ACA6CB-1762-4B06-978C-36FAB4B8D739}.Release|x86.ActiveCfg = Release|Any CPU
		{A6ACA6CB-1762-4B06-978C-36FAB4B8D739}.Release|x86.Build.0 = Release|Any CPU
	EndGlobalSection
	GlobalSection(SolutionProperties) = preSolution
		HideSolutionNode = FALSE
	EndGlobalSection
EndGlobal
